
Microsoft Visual Studio Solution File, Format Version 12.00
# Visual Studio Version 17
VisualStudioVersion = 17.5.002.0
MinimumVisualStudioVersion = 10.0.40219.1
Project("{2150E333-8FDC-42A3-9474-1A3956D46DE8}") = "csharp-prep", "csharp-prep", "{9B0D2414-F783-4529-84F3-18FF4C76C58E}"
EndProject
Project("{9A19103F-16F7-4668-BE54-9A1E7A4F7556}") = "Prep1", "csharp-prep\Prep1\Prep1.csproj", "{BE234522-CB37-45BC-ABC9-530E51F8C776}"
EndProject
Project("{9A19103F-16F7-4668-BE54-9A1E7A4F7556}") = "Prep2", "csharp-prep\Prep2\Prep2.csproj", "{DA74DA7F-9EAB-48AD-AEE1-A31FDB1AB20B}"
EndProject
Project("{9A19103F-16F7-4668-BE54-9A1E7A4F7556}") = "Prep3", "csharp-prep\Prep3\Prep3.csproj", "{FE7A9AEA-F9F9-4E0F-8012-8B6A3CDE8C25}"
EndProject
Project("{9A19103F-16F7-4668-BE54-9A1E7A4F7556}") = "Prep4", "csharp-prep\Prep4\Prep4.csproj", "{275BEB5B-7DBC-4165-861E-589173EF9561}"
EndProject
Project("{9A19103F-16F7-4668-BE54-9A1E7A4F7556}") = "Prep5", "csharp-prep\Prep5\Prep5.csproj", "{C793ABD1-1D1B-4E31-8CF3-3FDE83F4FDDE}"
EndProject
Project("{2150E333-8FDC-42A3-9474-1A3956D46DE8}") = "final", "final", "{795E5626-4A0A-426B-BC73-FFA4F9A54FCF}"
EndProject
Project("{9A19103F-16F7-4668-BE54-9A1E7A4F7556}") = "FinalProject", "final\FinalProject\FinalProject.csproj", "{95DF85D9-217C-4E50-A4E8-5DE961844CA0}"
EndProject
Project("{9A19103F-16F7-4668-BE54-9A1E7A4F7556}") = "Foundation1", "final\Foundation1\Foundation1.csproj", "{77B1B7B1-C3F2-4C53-9593-6BA9E88853C7}"
EndProject
Project("{9A19103F-16F7-4668-BE54-9A1E7A4F7556}") = "Foundation2", "final\Foundation2\Foundation2.csproj", "{7FBE4E20-B801-4EB6-9E16-DD01FDC64267}"
EndProject
Project("{9A19103F-16F7-4668-BE54-9A1E7A4F7556}") = "Foundation3", "final\Foundation3\Foundation3.csproj", "{8FB5B3DC-B27C-48C1-9573-C4E6E9789ECD}"
EndProject
Project("{9A19103F-16F7-4668-BE54-9A1E7A4F7556}") = "Foundation4", "final\Foundation4\Foundation4.csproj", "{E50F14EC-01E5-4840-8D82-A2E996687112}"
EndProject
Project("{2150E333-8FDC-42A3-9474-1A3956D46DE8}") = "prepare", "prepare", "{3E247C74-6526-4D1F-90E8-F56118D84E70}"
EndProject
Project("{9A19103F-16F7-4668-BE54-9A1E7A4F7556}") = "Learning02", "prepare\Learning02\Learning02.csproj", "{5ADAE318-B919-43C0-AC28-424BDF016113}"
EndProject
Project("{9A19103F-16F7-4668-BE54-9A1E7A4F7556}") = "Learning03", "prepare\Learning03\Learning03.csproj", "{4B04DAEF-C3B4-4EC5-B521-BC012875B9BE}"
EndProject
Project("{9A19103F-16F7-4668-BE54-9A1E7A4F7556}") = "Learning04", "prepare\Learning04\Learning04.csproj", "{76D806B7-6521-44FE-9BD0-7AF8B9A5C5C7}"
EndProject
Project("{9A19103F-16F7-4668-BE54-9A1E7A4F7556}") = "Learning05", "prepare\Learning05\Learning05.csproj", "{E4B18F9B-A4A2-431E-8E4D-49FE8BC19D96}"
EndProject
Project("{2150E333-8FDC-42A3-9474-1A3956D46DE8}") = "prove", "prove", "{81B44102-D80B-4C9C-9883-C4912E676E54}"
EndProject
Project("{9A19103F-16F7-4668-BE54-9A1E7A4F7556}") = "Develop02", "prove\Develop02\Develop02.csproj", "{9FB6C003-3214-4B3D-8B41-7D26AF63342D}"
EndProject
Project("{9A19103F-16F7-4668-BE54-9A1E7A4F7556}") = "Develop03", "prove\Develop03\Develop03.csproj", "{A80CC9FE-1F96-4669-9C20-8BC42FDEA20E}"
EndProject
Project("{9A19103F-16F7-4668-BE54-9A1E7A4F7556}") = "Develop04", "prove\Develop04\Develop04.csproj", "{FFB40920-6A14-48DA-AD6D-151C2D90AC0B}"
EndProject
Project("{9A19103F-16F7-4668-BE54-9A1E7A4F7556}") = "Develop05", "prove\Develop05\Develop05.csproj", "{10A508A5-5E7D-4AE7-85CF-D7A8F22334A1}"
EndProject
Project("{2150E333-8FDC-42A3-9474-1A3956D46DE8}") = "sandbox", "sandbox", "{D740BE32-BDCE-4CE0-8979-8142AAB4196C}"
EndProject
Project("{9A19103F-16F7-4668-BE54-9A1E7A4F7556}") = "Sandbox", "sandbox\Sandbox\Sandbox.csproj", "{FE0F869E-C8C0-4D14-9741-6151CE2BE6CB}"
EndProject
Global
	GlobalSection(SolutionConfigurationPlatforms) = preSolution
		Debug|Any CPU = Debug|Any CPU
		Release|Any CPU = Release|Any CPU
	EndGlobalSection
	GlobalSection(ProjectConfigurationPlatforms) = postSolution
		{BE234522-CB37-45BC-ABC9-530E51F8C776}.Debug|Any CPU.ActiveCfg = Debug|Any CPU
		{BE234522-CB37-45BC-ABC9-530E51F8C776}.Debug|Any CPU.Build.0 = Debug|Any CPU
		{BE234522-CB37-45BC-ABC9-530E51F8C776}.Release|Any CPU.ActiveCfg = Release|Any CPU
		{BE234522-CB37-45BC-ABC9-530E51F8C776}.Release|Any CPU.Build.0 = Release|Any CPU
		{DA74DA7F-9EAB-48AD-AEE1-A31FDB1AB20B}.Debug|Any CPU.ActiveCfg = Debug|Any CPU
		{DA74DA7F-9EAB-48AD-AEE1-A31FDB1AB20B}.Debug|Any CPU.Build.0 = Debug|Any CPU
		{DA74DA7F-9EAB-48AD-AEE1-A31FDB1AB20B}.Release|Any CPU.ActiveCfg = Release|Any CPU
		{DA74DA7F-9EAB-48AD-AEE1-A31FDB1AB20B}.Release|Any CPU.Build.0 = Release|Any CPU
		{FE7A9AEA-F9F9-4E0F-8012-8B6A3CDE8C25}.Debug|Any CPU.ActiveCfg = Debug|Any CPU
		{FE7A9AEA-F9F9-4E0F-8012-8B6A3CDE8C25}.Debug|Any CPU.Build.0 = Debug|Any CPU
		{FE7A9AEA-F9F9-4E0F-8012-8B6A3CDE8C25}.Release|Any CPU.ActiveCfg = Release|Any CPU
		{FE7A9AEA-F9F9-4E0F-8012-8B6A3CDE8C25}.Release|Any CPU.Build.0 = Release|Any CPU
		{275BEB5B-7DBC-4165-861E-589173EF9561}.Debug|Any CPU.ActiveCfg = Debug|Any CPU
		{275BEB5B-7DBC-4165-861E-589173EF9561}.Debug|Any CPU.Build.0 = Debug|Any CPU
		{275BEB5B-7DBC-4165-861E-589173EF9561}.Release|Any CPU.ActiveCfg = Release|Any CPU
		{275BEB5B-7DBC-4165-861E-589173EF9561}.Release|Any CPU.Build.0 = Release|Any CPU
		{C793ABD1-1D1B-4E31-8CF3-3FDE83F4FDDE}.Debug|Any CPU.ActiveCfg = Debug|Any CPU
		{C793ABD1-1D1B-4E31-8CF3-3FDE83F4FDDE}.Debug|Any CPU.Build.0 = Debug|Any CPU
		{C793ABD1-1D1B-4E31-8CF3-3FDE83F4FDDE}.Release|Any CPU.ActiveCfg = Release|Any CPU
		{C793ABD1-1D1B-4E31-8CF3-3FDE83F4FDDE}.Release|Any CPU.Build.0 = Release|Any CPU
		{95DF85D9-217C-4E50-A4E8-5DE961844CA0}.Debug|Any CPU.ActiveCfg = Debug|Any CPU
		{95DF85D9-217C-4E50-A4E8-5DE961844CA0}.Debug|Any CPU.Build.0 = Debug|Any CPU
		{95DF85D9-217C-4E50-A4E8-5DE961844CA0}.Release|Any CPU.ActiveCfg = Release|Any CPU
		{95DF85D9-217C-4E50-A4E8-5DE961844CA0}.Release|Any CPU.Build.0 = Release|Any CPU
		{77B1B7B1-C3F2-4C53-9593-6BA9E88853C7}.Debug|Any CPU.ActiveCfg = Debug|Any CPU
		{77B1B7B1-C3F2-4C53-9593-6BA9E88853C7}.Debug|Any CPU.Build.0 = Debug|Any CPU
		{77B1B7B1-C3F2-4C53-9593-6BA9E88853C7}.Release|Any CPU.ActiveCfg = Release|Any CPU
		{77B1B7B1-C3F2-4C53-9593-6BA9E88853C7}.Release|Any CPU.Build.0 = Release|Any CPU
		{7FBE4E20-B801-4EB6-9E16-DD01FDC64267}.Debug|Any CPU.ActiveCfg = Debug|Any CPU
		{7FBE4E20-B801-4EB6-9E16-DD01FDC64267}.Debug|Any CPU.Build.0 = Debug|Any CPU
		{7FBE4E20-B801-4EB6-9E16-DD01FDC64267}.Release|Any CPU.ActiveCfg = Release|Any CPU
		{7FBE4E20-B801-4EB6-9E16-DD01FDC64267}.Release|Any CPU.Build.0 = Release|Any CPU
		{8FB5B3DC-B27C-48C1-9573-C4E6E9789ECD}.Debug|Any CPU.ActiveCfg = Debug|Any CPU
		{8FB5B3DC-B27C-48C1-9573-C4E6E9789ECD}.Debug|Any CPU.Build.0 = Debug|Any CPU
		{8FB5B3DC-B27C-48C1-9573-C4E6E9789ECD}.Release|Any CPU.ActiveCfg = Release|Any CPU
		{8FB5B3DC-B27C-48C1-9573-C4E6E9789ECD}.Release|Any CPU.Build.0 = Release|Any CPU
		{E50F14EC-01E5-4840-8D82-A2E996687112}.Debug|Any CPU.ActiveCfg = Debug|Any CPU
		{E50F14EC-01E5-4840-8D82-A2E996687112}.Debug|Any CPU.Build.0 = Debug|Any CPU
		{E50F14EC-01E5-4840-8D82-A2E996687112}.Release|Any CPU.ActiveCfg = Release|Any CPU
		{E50F14EC-01E5-4840-8D82-A2E996687112}.Release|Any CPU.Build.0 = Release|Any CPU
		{5ADAE318-B919-43C0-AC28-424BDF016113}.Debug|Any CPU.ActiveCfg = Debug|Any CPU
		{5ADAE318-B919-43C0-AC28-424BDF016113}.Debug|Any CPU.Build.0 = Debug|Any CPU
		{5ADAE318-B919-43C0-AC28-424BDF016113}.Release|Any CPU.ActiveCfg = Release|Any CPU
		{5ADAE318-B919-43C0-AC28-424BDF016113}.Release|Any CPU.Build.0 = Release|Any CPU
		{4B04DAEF-C3B4-4EC5-B521-BC012875B9BE}.Debug|Any CPU.ActiveCfg = Debug|Any CPU
		{4B04DAEF-C3B4-4EC5-B521-BC012875B9BE}.Debug|Any CPU.Build.0 = Debug|Any CPU
		{4B04DAEF-C3B4-4EC5-B521-BC012875B9BE}.Release|Any CPU.ActiveCfg = Release|Any CPU
		{4B04DAEF-C3B4-4EC5-B521-BC012875B9BE}.Release|Any CPU.Build.0 = Release|Any CPU
		{76D806B7-6521-44FE-9BD0-7AF8B9A5C5C7}.Debug|Any CPU.ActiveCfg = Debug|Any CPU
		{76D806B7-6521-44FE-9BD0-7AF8B9A5C5C7}.Debug|Any CPU.Build.0 = Debug|Any CPU
		{76D806B7-6521-44FE-9BD0-7AF8B9A5C5C7}.Release|Any CPU.ActiveCfg = Release|Any CPU
		{76D806B7-6521-44FE-9BD0-7AF8B9A5C5C7}.Release|Any CPU.Build.0 = Release|Any CPU
		{E4B18F9B-A4A2-431E-8E4D-49FE8BC19D96}.Debug|Any CPU.ActiveCfg = Debug|Any CPU
		{E4B18F9B-A4A2-431E-8E4D-49FE8BC19D96}.Debug|Any CPU.Build.0 = Debug|Any CPU
		{E4B18F9B-A4A2-431E-8E4D-49FE8BC19D96}.Release|Any CPU.ActiveCfg = Release|Any CPU
		{E4B18F9B-A4A2-431E-8E4D-49FE8BC19D96}.Release|Any CPU.Build.0 = Release|Any CPU
		{9FB6C003-3214-4B3D-8B41-7D26AF63342D}.Debug|Any CPU.ActiveCfg = Debug|Any CPU
		{9FB6C003-3214-4B3D-8B41-7D26AF63342D}.Debug|Any CPU.Build.0 = Debug|Any CPU
		{9FB6C003-3214-4B3D-8B41-7D26AF63342D}.Release|Any CPU.ActiveCfg = Release|Any CPU
		{9FB6C003-3214-4B3D-8B41-7D26AF63342D}.Release|Any CPU.Build.0 = Release|Any CPU
		{A80CC9FE-1F96-4669-9C20-8BC42FDEA20E}.Debug|Any CPU.ActiveCfg = Debug|Any CPU
		{A80CC9FE-1F96-4669-9C20-8BC42FDEA20E}.Debug|Any CPU.Build.0 = Debug|Any CPU
		{A80CC9FE-1F96-4669-9C20-8BC42FDEA20E}.Release|Any CPU.ActiveCfg = Release|Any CPU
		{A80CC9FE-1F96-4669-9C20-8BC42FDEA20E}.Release|Any CPU.Build.0 = Release|Any CPU
		{FFB40920-6A14-48DA-AD6D-151C2D90AC0B}.Debug|Any CPU.ActiveCfg = Debug|Any CPU
		{FFB40920-6A14-48DA-AD6D-151C2D90AC0B}.Debug|Any CPU.Build.0 = Debug|Any CPU
		{FFB40920-6A14-48DA-AD6D-151C2D90AC0B}.Release|Any CPU.ActiveCfg = Release|Any CPU
		{FFB40920-6A14-48DA-AD6D-151C2D90AC0B}.Release|Any CPU.Build.0 = Release|Any CPU
		{10A508A5-5E7D-4AE7-85CF-D7A8F22334A1}.Debug|Any CPU.ActiveCfg = Debug|Any CPU
		{10A508A5-5E7D-4AE7-85CF-D7A8F22334A1}.Debug|Any CPU.Build.0 = Debug|Any CPU
		{10A508A5-5E7D-4AE7-85CF-D7A8F22334A1}.Release|Any CPU.ActiveCfg = Release|Any CPU
		{10A508A5-5E7D-4AE7-85CF-D7A8F22334A1}.Release|Any CPU.Build.0 = Release|Any CPU
		{FE0F869E-C8C0-4D14-9741-6151CE2BE6CB}.Debug|Any CPU.ActiveCfg = Debug|Any CPU
		{FE0F869E-C8C0-4D14-9741-6151CE2BE6CB}.Debug|Any CPU.Build.0 = Debug|Any CPU
		{FE0F869E-C8C0-4D14-9741-6151CE2BE6CB}.Release|Any CPU.ActiveCfg = Release|Any CPU
		{FE0F869E-C8C0-4D14-9741-6151CE2BE6CB}.Release|Any CPU.Build.0 = Release|Any CPU
	EndGlobalSection
	GlobalSection(SolutionProperties) = preSolution
		HideSolutionNode = FALSE
	EndGlobalSection
	GlobalSection(NestedProjects) = preSolution
		{BE234522-CB37-45BC-ABC9-530E51F8C776} = {9B0D2414-F783-4529-84F3-18FF4C76C58E}
		{DA74DA7F-9EAB-48AD-AEE1-A31FDB1AB20B} = {9B0D2414-F783-4529-84F3-18FF4C76C58E}
		{FE7A9AEA-F9F9-4E0F-8012-8B6A3CDE8C25} = {9B0D2414-F783-4529-84F3-18FF4C76C58E}
		{275BEB5B-7DBC-4165-861E-589173EF9561} = {9B0D2414-F783-4529-84F3-18FF4C76C58E}
		{C793ABD1-1D1B-4E31-8CF3-3FDE83F4FDDE} = {9B0D2414-F783-4529-84F3-18FF4C76C58E}
		{95DF85D9-217C-4E50-A4E8-5DE961844CA0} = {795E5626-4A0A-426B-BC73-FFA4F9A54FCF}
		{77B1B7B1-C3F2-4C53-9593-6BA9E88853C7} = {795E5626-4A0A-426B-BC73-FFA4F9A54FCF}
		{7FBE4E20-B801-4EB6-9E16-DD01FDC64267} = {795E5626-4A0A-426B-BC73-FFA4F9A54FCF}
		{8FB5B3DC-B27C-48C1-9573-C4E6E9789ECD} = {795E5626-4A0A-426B-BC73-FFA4F9A54FCF}
		{E50F14EC-01E5-4840-8D82-A2E996687112} = {795E5626-4A0A-426B-BC73-FFA4F9A54FCF}
		{5ADAE318-B919-43C0-AC28-424BDF016113} = {3E247C74-6526-4D1F-90E8-F56118D84E70}
		{4B04DAEF-C3B4-4EC5-B521-BC012875B9BE} = {3E247C74-6526-4D1F-90E8-F56118D84E70}
		{76D806B7-6521-44FE-9BD0-7AF8B9A5C5C7} = {3E247C74-6526-4D1F-90E8-F56118D84E70}
		{E4B18F9B-A4A2-431E-8E4D-49FE8BC19D96} = {3E247C74-6526-4D1F-90E8-F56118D84E70}
		{9FB6C003-3214-4B3D-8B41-7D26AF63342D} = {81B44102-D80B-4C9C-9883-C4912E676E54}
		{A80CC9FE-1F96-4669-9C20-8BC42FDEA20E} = {81B44102-D80B-4C9C-9883-C4912E676E54}
		{FFB40920-6A14-48DA-AD6D-151C2D90AC0B} = {81B44102-D80B-4C9C-9883-C4912E676E54}
		{10A508A5-5E7D-4AE7-85CF-D7A8F22334A1} = {81B44102-D80B-4C9C-9883-C4912E676E54}
		{FE0F869E-C8C0-4D14-9741-6151CE2BE6CB} = {D740BE32-BDCE-4CE0-8979-8142AAB4196C}
	EndGlobalSection
	GlobalSection(ExtensibilityGlobals) = postSolution
		SolutionGuid = {BB317A88-9D9E-4924-940D-EE72E767D0A0}
	EndGlobalSection
EndGlobal
